
Microsoft Visual Studio Solution File, Format Version 12.00
# Visual Studio Version 17
VisualStudioVersion = 17.6.33815.320
MinimumVisualStudioVersion = 10.0.40219.1
Project("{FAE04EC0-301F-11D3-BF4B-00C04F79EFBC}") = "CalculationLibrary", "CalculationLibrary\CalculationLibrary.csproj", "{2BE79C50-E4D0-428A-8584-14D877084094}"
EndProject
Project("{FAE04EC0-301F-11D3-BF4B-00C04F79EFBC}") = "CalculationLibrary.Tests", "..\CalculationLibrary.Tests\CalculationLibrary.Tests.csproj", "{D12AA10D-0C29-4885-9843-DE74291164C4}"
EndProject
Global
	GlobalSection(SolutionConfigurationPlatforms) = preSolution
		Debug|Any CPU = Debug|Any CPU
		Release|Any CPU = Release|Any CPU
	EndGlobalSection
	GlobalSection(ProjectConfigurationPlatforms) = postSolution
		{2BE79C50-E4D0-428A-8584-14D877084094}.Debug|Any CPU.ActiveCfg = Debug|Any CPU
		{2BE79C50-E4D0-428A-8584-14D877084094}.Debug|Any CPU.Build.0 = Debug|Any CPU
		{2BE79C50-E4D0-428A-8584-14D877084094}.Release|Any CPU.ActiveCfg = Release|Any CPU
		{2BE79C50-E4D0-428A-8584-14D877084094}.Release|Any CPU.Build.0 = Release|Any CPU
		{D12AA10D-0C29-4885-9843-DE74291164C4}.Debug|Any CPU.ActiveCfg = Debug|Any CPU
		{D12AA10D-0C29-4885-9843-DE74291164C4}.Debug|Any CPU.Build.0 = Debug|Any CPU
		{D12AA10D-0C29-4885-9843-DE74291164C4}.Release|Any CPU.ActiveCfg = Release|Any CPU
		{D12AA10D-0C29-4885-9843-DE74291164C4}.Release|Any CPU.Build.0 = Release|Any CPU
	EndGlobalSection
	GlobalSection(SolutionProperties) = preSolution
		HideSolutionNode = FALSE
	EndGlobalSection
	GlobalSection(ExtensibilityGlobals) = postSolution
		SolutionGuid = {38A0EFCA-CDCB-404E-9056-E9FB098F3790}
	EndGlobalSection
EndGlobal
