
Microsoft Visual Studio Solution File, Format Version 12.00
# Visual Studio Version 17
VisualStudioVersion = 17.6.33723.286
MinimumVisualStudioVersion = 10.0.40219.1
Project("{9A19103F-16F7-4668-BE54-9A1E7A4F7556}") = "GreetingApplication", "GreetingApplication\GreetingApplication.csproj", "{DEBC208B-A968-4A25-A950-E07327B18818}"
EndProject
Project("{9A19103F-16F7-4668-BE54-9A1E7A4F7556}") = "Stopwatch", "Stopwatch\Stopwatch.csproj", "{13C6E970-84DA-4951-8452-B5C0BF841414}"
EndProject
Project("{9A19103F-16F7-4668-BE54-9A1E7A4F7556}") = "GuestBook", "GuestBook\GuestBook.csproj", "{FE1F257A-302B-4147-909B-7A7ACB9646F6}"
EndProject
Project("{9A19103F-16F7-4668-BE54-9A1E7A4F7556}") = "OOP-Part1", "OOP-Part1\OOP-Part1.csproj", "{34A4CD79-FB9E-4759-9D54-94E77095CE46}"
EndProject
Project("{FAE04EC0-301F-11D3-BF4B-00C04F79EFBC}") = "InheritanceMiniProject", "InheritanceMiniProjectApp\InheritanceMiniProject\InheritanceMiniProject.csproj", "{F30AB7DC-6BCA-4A3A-81A1-350FC5A74D54}"
EndProject
Global
	GlobalSection(SolutionConfigurationPlatforms) = preSolution
		Debug|Any CPU = Debug|Any CPU
		Release|Any CPU = Release|Any CPU
	EndGlobalSection
	GlobalSection(ProjectConfigurationPlatforms) = postSolution
		{DEBC208B-A968-4A25-A950-E07327B18818}.Debug|Any CPU.ActiveCfg = Debug|Any CPU
		{DEBC208B-A968-4A25-A950-E07327B18818}.Debug|Any CPU.Build.0 = Debug|Any CPU
		{DEBC208B-A968-4A25-A950-E07327B18818}.Release|Any CPU.ActiveCfg = Release|Any CPU
		{DEBC208B-A968-4A25-A950-E07327B18818}.Release|Any CPU.Build.0 = Release|Any CPU
		{13C6E970-84DA-4951-8452-B5C0BF841414}.Debug|Any CPU.ActiveCfg = Debug|Any CPU
		{13C6E970-84DA-4951-8452-B5C0BF841414}.Debug|Any CPU.Build.0 = Debug|Any CPU
		{13C6E970-84DA-4951-8452-B5C0BF841414}.Release|Any CPU.ActiveCfg = Release|Any CPU
		{13C6E970-84DA-4951-8452-B5C0BF841414}.Release|Any CPU.Build.0 = Release|Any CPU
		{FE1F257A-302B-4147-909B-7A7ACB9646F6}.Debug|Any CPU.ActiveCfg = Debug|Any CPU
		{FE1F257A-302B-4147-909B-7A7ACB9646F6}.Debug|Any CPU.Build.0 = Debug|Any CPU
		{FE1F257A-302B-4147-909B-7A7ACB9646F6}.Release|Any CPU.ActiveCfg = Release|Any CPU
		{FE1F257A-302B-4147-909B-7A7ACB9646F6}.Release|Any CPU.Build.0 = Release|Any CPU
		{34A4CD79-FB9E-4759-9D54-94E77095CE46}.Debug|Any CPU.ActiveCfg = Debug|Any CPU
		{34A4CD79-FB9E-4759-9D54-94E77095CE46}.Debug|Any CPU.Build.0 = Debug|Any CPU
		{34A4CD79-FB9E-4759-9D54-94E77095CE46}.Release|Any CPU.ActiveCfg = Release|Any CPU
		{34A4CD79-FB9E-4759-9D54-94E77095CE46}.Release|Any CPU.Build.0 = Release|Any CPU
		{F30AB7DC-6BCA-4A3A-81A1-350FC5A74D54}.Debug|Any CPU.ActiveCfg = Debug|Any CPU
		{F30AB7DC-6BCA-4A3A-81A1-350FC5A74D54}.Debug|Any CPU.Build.0 = Debug|Any CPU
		{F30AB7DC-6BCA-4A3A-81A1-350FC5A74D54}.Release|Any CPU.ActiveCfg = Release|Any CPU
		{F30AB7DC-6BCA-4A3A-81A1-350FC5A74D54}.Release|Any CPU.Build.0 = Release|Any CPU
	EndGlobalSection
	GlobalSection(SolutionProperties) = preSolution
		HideSolutionNode = FALSE
	EndGlobalSection
	GlobalSection(ExtensibilityGlobals) = postSolution
		SolutionGuid = {CCC58180-E9AB-41D9-A530-9106F5C3B68E}
	EndGlobalSection
EndGlobal
