
Microsoft Visual Studio Solution File, Format Version 12.00
# Visual Studio Version 17
VisualStudioVersion = 17.6.33815.320
MinimumVisualStudioVersion = 10.0.40219.1
Project("{FAE04EC0-301F-11D3-BF4B-00C04F79EFBC}") = "RazorDemo", "RazorDemo\RazorDemo.csproj", "{A464BD95-C5B1-488A-B611-C16AB2FC9995}"
EndProject
Global
	GlobalSection(SolutionConfigurationPlatforms) = preSolution
		Debug|Any CPU = Debug|Any CPU
		Release|Any CPU = Release|Any CPU
	EndGlobalSection
	GlobalSection(ProjectConfigurationPlatforms) = postSolution
		{A464BD95-C5B1-488A-B611-C16AB2FC9995}.Debug|Any CPU.ActiveCfg = Debug|Any CPU
		{A464BD95-C5B1-488A-B611-C16AB2FC9995}.Debug|Any CPU.Build.0 = Debug|Any CPU
		{A464BD95-C5B1-488A-B611-C16AB2FC9995}.Release|Any CPU.ActiveCfg = Release|Any CPU
		{A464BD95-C5B1-488A-B611-C16AB2FC9995}.Release|Any CPU.Build.0 = Release|Any CPU
	EndGlobalSection
	GlobalSection(SolutionProperties) = preSolution
		HideSolutionNode = FALSE
	EndGlobalSection
	GlobalSection(ExtensibilityGlobals) = postSolution
		SolutionGuid = {E891C33F-EB50-4E38-8FA0-84346F36247A}
	EndGlobalSection
EndGlobal
