
Microsoft Visual Studio Solution File, Format Version 12.00
# Visual Studio Version 17
VisualStudioVersion = 17.6.33723.286
MinimumVisualStudioVersion = 10.0.40219.1
Project("{FAE04EC0-301F-11D3-BF4B-00C04F79EFBC}") = "InheritanceMiniProject", "InheritanceMiniProject\InheritanceMiniProject.csproj", "{F30AB7DC-6BCA-4A3A-81A1-350FC5A74D54}"
EndProject
Global
	GlobalSection(SolutionConfigurationPlatforms) = preSolution
		Debug|Any CPU = Debug|Any CPU
		Release|Any CPU = Release|Any CPU
	EndGlobalSection
	GlobalSection(ProjectConfigurationPlatforms) = postSolution
		{F30AB7DC-6BCA-4A3A-81A1-350FC5A74D54}.Debug|Any CPU.ActiveCfg = Debug|Any CPU
		{F30AB7DC-6BCA-4A3A-81A1-350FC5A74D54}.Debug|Any CPU.Build.0 = Debug|Any CPU
		{F30AB7DC-6BCA-4A3A-81A1-350FC5A74D54}.Release|Any CPU.ActiveCfg = Release|Any CPU
		{F30AB7DC-6BCA-4A3A-81A1-350FC5A74D54}.Release|Any CPU.Build.0 = Release|Any CPU
	EndGlobalSection
	GlobalSection(SolutionProperties) = preSolution
		HideSolutionNode = FALSE
	EndGlobalSection
	GlobalSection(ExtensibilityGlobals) = postSolution
		SolutionGuid = {95E549EF-A688-46C5-B5C7-CB47888B32EA}
	EndGlobalSection
EndGlobal
