
Microsoft Visual Studio Solution File, Format Version 12.00
# Visual Studio Version 17
VisualStudioVersion = 17.6.33815.320
MinimumVisualStudioVersion = 10.0.40219.1
Project("{FAE04EC0-301F-11D3-BF4B-00C04F79EFBC}") = "SQLServerUI", "SQLServerUI\SQLServerUI.csproj", "{B2417D93-8547-49C5-8F50-67D14C426D72}"
EndProject
Project("{FAE04EC0-301F-11D3-BF4B-00C04F79EFBC}") = "DataAccessLibrary", "DataAccessLibrary\DataAccessLibrary.csproj", "{1D7C7031-4D09-4DD0-8ED3-F8488EFAD2E6}"
EndProject
Project("{00D1A9C2-B5F0-4AF3-8072-F6C62B433612}") = "SQLContactsDB", "SQLContactsDB\SQLContactsDB.sqlproj", "{DBE14FE1-C16D-456F-B402-ABEC5F3CD6B7}"
EndProject
Global
	GlobalSection(SolutionConfigurationPlatforms) = preSolution
		Debug|Any CPU = Debug|Any CPU
		Release|Any CPU = Release|Any CPU
	EndGlobalSection
	GlobalSection(ProjectConfigurationPlatforms) = postSolution
		{B2417D93-8547-49C5-8F50-67D14C426D72}.Debug|Any CPU.ActiveCfg = Debug|Any CPU
		{B2417D93-8547-49C5-8F50-67D14C426D72}.Debug|Any CPU.Build.0 = Debug|Any CPU
		{B2417D93-8547-49C5-8F50-67D14C426D72}.Release|Any CPU.ActiveCfg = Release|Any CPU
		{B2417D93-8547-49C5-8F50-67D14C426D72}.Release|Any CPU.Build.0 = Release|Any CPU
		{1D7C7031-4D09-4DD0-8ED3-F8488EFAD2E6}.Debug|Any CPU.ActiveCfg = Debug|Any CPU
		{1D7C7031-4D09-4DD0-8ED3-F8488EFAD2E6}.Debug|Any CPU.Build.0 = Debug|Any CPU
		{1D7C7031-4D09-4DD0-8ED3-F8488EFAD2E6}.Release|Any CPU.ActiveCfg = Release|Any CPU
		{1D7C7031-4D09-4DD0-8ED3-F8488EFAD2E6}.Release|Any CPU.Build.0 = Release|Any CPU
		{DBE14FE1-C16D-456F-B402-ABEC5F3CD6B7}.Debug|Any CPU.ActiveCfg = Debug|Any CPU
		{DBE14FE1-C16D-456F-B402-ABEC5F3CD6B7}.Debug|Any CPU.Build.0 = Debug|Any CPU
		{DBE14FE1-C16D-456F-B402-ABEC5F3CD6B7}.Debug|Any CPU.Deploy.0 = Debug|Any CPU
		{DBE14FE1-C16D-456F-B402-ABEC5F3CD6B7}.Release|Any CPU.ActiveCfg = Release|Any CPU
		{DBE14FE1-C16D-456F-B402-ABEC5F3CD6B7}.Release|Any CPU.Build.0 = Release|Any CPU
		{DBE14FE1-C16D-456F-B402-ABEC5F3CD6B7}.Release|Any CPU.Deploy.0 = Release|Any CPU
	EndGlobalSection
	GlobalSection(SolutionProperties) = preSolution
		HideSolutionNode = FALSE
	EndGlobalSection
	GlobalSection(ExtensibilityGlobals) = postSolution
		SolutionGuid = {4644D935-325A-49C7-BE69-13EDD3A0CC3C}
	EndGlobalSection
EndGlobal
